
Microsoft Visual Studio Solution File, Format Version 12.00
# Visual Studio Version 16
VisualStudioVersion = 16.0.30907.101
MinimumVisualStudioVersion = 10.0.40219.1
Project("{F184B08F-C81C-45F6-A57F-5ABD9991F28F}") = "CreateWav", "CreateWav\CreateWav.vbproj", "{F269A40E-9C9B-40E4-AF97-B21DDB36C7F9}"
EndProject
Project("{FAE04EC0-301F-11D3-BF4B-00C04F79EFBC}") = "MakeWavCS", "..\MakeWavCS\MakeWavCS.csproj", "{44E7486E-75A5-4461-9101-46156DC10A87}"
EndProject
Global
	GlobalSection(SolutionConfigurationPlatforms) = preSolution
		Debug|Any CPU = Debug|Any CPU
		Release|Any CPU = Release|Any CPU
	EndGlobalSection
	GlobalSection(ProjectConfigurationPlatforms) = postSolution
		{F269A40E-9C9B-40E4-AF97-B21DDB36C7F9}.Debug|Any CPU.ActiveCfg = Debug|Any CPU
		{F269A40E-9C9B-40E4-AF97-B21DDB36C7F9}.Debug|Any CPU.Build.0 = Debug|Any CPU
		{F269A40E-9C9B-40E4-AF97-B21DDB36C7F9}.Release|Any CPU.ActiveCfg = Release|Any CPU
		{F269A40E-9C9B-40E4-AF97-B21DDB36C7F9}.Release|Any CPU.Build.0 = Release|Any CPU
		{44E7486E-75A5-4461-9101-46156DC10A87}.Debug|Any CPU.ActiveCfg = Debug|Any CPU
		{44E7486E-75A5-4461-9101-46156DC10A87}.Debug|Any CPU.Build.0 = Debug|Any CPU
		{44E7486E-75A5-4461-9101-46156DC10A87}.Release|Any CPU.ActiveCfg = Release|Any CPU
		{44E7486E-75A5-4461-9101-46156DC10A87}.Release|Any CPU.Build.0 = Release|Any CPU
	EndGlobalSection
	GlobalSection(SolutionProperties) = preSolution
		HideSolutionNode = FALSE
	EndGlobalSection
	GlobalSection(ExtensibilityGlobals) = postSolution
		SolutionGuid = {FC08A53F-6317-4A7D-A244-DBE8946FEC09}
	EndGlobalSection
EndGlobal
